
Microsoft Visual Studio Solution File, Format Version 12.00
# Visual Studio 15
VisualStudioVersion = 15.0.27004.2005
MinimumVisualStudioVersion = 10.0.40219.1
Project("{9A19103F-16F7-4668-BE54-9A1E7A4F7556}") = "WebApi", "WebApi\WebApi.csproj", "{A2330889-5FEF-45AE-B56E-4F08C0955BA5}"
EndProject
Project("{9A19103F-16F7-4668-BE54-9A1E7A4F7556}") = "Logica", "Logica\Logica.csproj", "{AF5170C1-5DA2-4ED6-AAD2-7E82B05FEB6E}"
EndProject
Project("{9A19103F-16F7-4668-BE54-9A1E7A4F7556}") = "Tests", "Tests\Tests.csproj", "{4F992104-2C2F-48D4-8252-5C784C0EB54B}"
EndProject
Global
	GlobalSection(SolutionConfigurationPlatforms) = preSolution
		Debug|Any CPU = Debug|Any CPU
		Release|Any CPU = Release|Any CPU
	EndGlobalSection
	GlobalSection(ProjectConfigurationPlatforms) = postSolution
		{A2330889-5FEF-45AE-B56E-4F08C0955BA5}.Debug|Any CPU.ActiveCfg = Debug|Any CPU
		{A2330889-5FEF-45AE-B56E-4F08C0955BA5}.Debug|Any CPU.Build.0 = Debug|Any CPU
		{A2330889-5FEF-45AE-B56E-4F08C0955BA5}.Release|Any CPU.ActiveCfg = Release|Any CPU
		{A2330889-5FEF-45AE-B56E-4F08C0955BA5}.Release|Any CPU.Build.0 = Release|Any CPU
		{AF5170C1-5DA2-4ED6-AAD2-7E82B05FEB6E}.Debug|Any CPU.ActiveCfg = Debug|Any CPU
		{AF5170C1-5DA2-4ED6-AAD2-7E82B05FEB6E}.Debug|Any CPU.Build.0 = Debug|Any CPU
		{AF5170C1-5DA2-4ED6-AAD2-7E82B05FEB6E}.Release|Any CPU.ActiveCfg = Release|Any CPU
		{AF5170C1-5DA2-4ED6-AAD2-7E82B05FEB6E}.Release|Any CPU.Build.0 = Release|Any CPU
		{4F992104-2C2F-48D4-8252-5C784C0EB54B}.Debug|Any CPU.ActiveCfg = Debug|Any CPU
		{4F992104-2C2F-48D4-8252-5C784C0EB54B}.Debug|Any CPU.Build.0 = Debug|Any CPU
		{4F992104-2C2F-48D4-8252-5C784C0EB54B}.Release|Any CPU.ActiveCfg = Release|Any CPU
		{4F992104-2C2F-48D4-8252-5C784C0EB54B}.Release|Any CPU.Build.0 = Release|Any CPU
	EndGlobalSection
	GlobalSection(SolutionProperties) = preSolution
		HideSolutionNode = FALSE
	EndGlobalSection
	GlobalSection(ExtensibilityGlobals) = postSolution
		SolutionGuid = {9A9C08C8-8768-411F-BFA5-1D7E6E175A99}
	EndGlobalSection
EndGlobal
